
Microsoft Visual Studio Solution File, Format Version 12.00
# Visual Studio Version 17
VisualStudioVersion = 17.5.002.0
MinimumVisualStudioVersion = 10.0.40219.1
Project("{9A19103F-16F7-4668-BE54-9A1E7A4F7556}") = "Debug101", "Debug101.csproj", "{37AD86A3-6187-45AF-9B7F-961D43CBFEB2}"
EndProject
Global
	GlobalSection(SolutionConfigurationPlatforms) = preSolution
		Debug|Any CPU = Debug|Any CPU
		Release|Any CPU = Release|Any CPU
	EndGlobalSection
	GlobalSection(ProjectConfigurationPlatforms) = postSolution
		{37AD86A3-6187-45AF-9B7F-961D43CBFEB2}.Debug|Any CPU.ActiveCfg = Debug|Any CPU
		{37AD86A3-6187-45AF-9B7F-961D43CBFEB2}.Debug|Any CPU.Build.0 = Debug|Any CPU
		{37AD86A3-6187-45AF-9B7F-961D43CBFEB2}.Release|Any CPU.ActiveCfg = Release|Any CPU
		{37AD86A3-6187-45AF-9B7F-961D43CBFEB2}.Release|Any CPU.Build.0 = Release|Any CPU
	EndGlobalSection
	GlobalSection(SolutionProperties) = preSolution
		HideSolutionNode = FALSE
	EndGlobalSection
	GlobalSection(ExtensibilityGlobals) = postSolution
		SolutionGuid = {507B3BC4-0F49-45DC-9299-69407F7A4B1C}
	EndGlobalSection
EndGlobal
